
Microsoft Visual Studio Solution File, Format Version 12.00
# Visual Studio Version 17
VisualStudioVersion = 17.3.32922.545
MinimumVisualStudioVersion = 10.0.40219.1
Project("{FAE04EC0-301F-11D3-BF4B-00C04F79EFBC}") = "CalculationOfArmy", "CalculationOfArmy.csproj", "{54031D10-6E7D-4EAE-B9C4-05204EAEB690}"
EndProject
Project("{FAE04EC0-301F-11D3-BF4B-00C04F79EFBC}") = "ArmyUnitTests", "..\ArmyUnitTests\ArmyUnitTests.csproj", "{ACEEC0E6-3C4E-49F7-B0B1-DDEAA3188F40}"
EndProject
Global
	GlobalSection(SolutionConfigurationPlatforms) = preSolution
		Debug|Any CPU = Debug|Any CPU
		Release|Any CPU = Release|Any CPU
	EndGlobalSection
	GlobalSection(ProjectConfigurationPlatforms) = postSolution
		{54031D10-6E7D-4EAE-B9C4-05204EAEB690}.Debug|Any CPU.ActiveCfg = Debug|Any CPU
		{54031D10-6E7D-4EAE-B9C4-05204EAEB690}.Debug|Any CPU.Build.0 = Debug|Any CPU
		{54031D10-6E7D-4EAE-B9C4-05204EAEB690}.Release|Any CPU.ActiveCfg = Release|Any CPU
		{54031D10-6E7D-4EAE-B9C4-05204EAEB690}.Release|Any CPU.Build.0 = Release|Any CPU
		{ACEEC0E6-3C4E-49F7-B0B1-DDEAA3188F40}.Debug|Any CPU.ActiveCfg = Debug|Any CPU
		{ACEEC0E6-3C4E-49F7-B0B1-DDEAA3188F40}.Debug|Any CPU.Build.0 = Debug|Any CPU
		{ACEEC0E6-3C4E-49F7-B0B1-DDEAA3188F40}.Release|Any CPU.ActiveCfg = Release|Any CPU
		{ACEEC0E6-3C4E-49F7-B0B1-DDEAA3188F40}.Release|Any CPU.Build.0 = Release|Any CPU
	EndGlobalSection
	GlobalSection(SolutionProperties) = preSolution
		HideSolutionNode = FALSE
	EndGlobalSection
	GlobalSection(ExtensibilityGlobals) = postSolution
		SolutionGuid = {F31C9F76-6285-4C59-9F81-15DA8009D34D}
	EndGlobalSection
EndGlobal
